Microsoft Visual Studio Solution File, Format Version 12.00
# Visual Studio Version 17
VisualStudioVersion = 17.0.31912.275
MinimumVisualStudioVersion = 10.0.40219.1
Project("{9A19103F-16F7-4668-BE54-9A1E7A4F7556}") = "UchetOnline.App", "UchetOnline.App\\UchetOnline.App.csproj", "{D8D7AB0E-192F-482D-B8BB-18B55EE02F06}"
EndProject
Project("{9A19103F-16F7-4668-BE54-9A1E7A4F7556}") = "UchetOnline.Domain", "UchetOnline.Domain\\UchetOnline.Domain.csproj", "{F8BCD98F-FBAE-4426-978F-1747EAC58EB6}"
EndProject
Project("{9A19103F-16F7-4668-BE54-9A1E7A4F7556}") = "UchetOnline.Infrastructure", "UchetOnline.Infrastructure\\UchetOnline.Infrastructure.csproj", "{3A11C3F9-42BF-4AA2-942B-6041296290D8}"
EndProject
Project("{9A19103F-16F7-4668-BE54-9A1E7A4F7556}") = "UchetOnline.Tests", "UchetOnline.Tests\\UchetOnline.Tests.csproj", "{F78D4099-D482-49F1-95CE-566079D80DDE}"
EndProject
Global
GlobalSection(SolutionConfigurationPlatforms) = preSolution
Debug|Any CPU = Debug|Any CPU
Release|Any CPU = Release|Any CPU
EndGlobalSection
GlobalSection(ProjectConfigurationPlatforms) = postSolution
{D8D7AB0E-192F-482D-B8BB-18B55EE02F06}.Debug|Any CPU.ActiveCfg = Debug|Any CPU
{D8D7AB0E-192F-482D-B8BB-18B55EE02F06}.Debug|Any CPU.Build.0 = Debug|Any CPU
{D8D7AB0E-192F-482D-B8BB-18B55EE02F06}.Release|Any CPU.ActiveCfg = Release|Any CPU
{D8D7AB0E-192F-482D-B8BB-18B55EE02F06}.Release|Any CPU.Build.0 = Release|Any CPU
{F8BCD98F-FBAE-4426-978F-1747EAC58EB6}.Debug|Any CPU.ActiveCfg = Debug|Any CPU
{F8BCD98F-FBAE-4426-978F-1747EAC58EB6}.Debug|Any CPU.Build.0 = Debug|Any CPU
{F8BCD98F-FBAE-4426-978F-1747EAC58EB6}.Release|Any CPU.ActiveCfg = Release|Any CPU
{F8BCD98F-FBAE-4426-978F-1747EAC58EB6}.Release|Any CPU.Build.0 = Release|Any CPU
{3A11C3F9-42BF-4AA2-942B-6041296290D8}.Debug|Any CPU.ActiveCfg = Debug|Any CPU
{3A11C3F9-42BF-4AA2-942B-6041296290D8}.Debug|Any CPU.Build.0 = Debug|Any CPU
{3A11C3F9-42BF-4AA2-942B-6041296290D8}.Release|Any CPU.ActiveCfg = Release|Any CPU
{3A11C3F9-42BF-4AA2-942B-6041296290D8}.Release|Any CPU.Build.0 = Release|Any CPU
{F78D4099-D482-49F1-95CE-566079D80DDE}.Debug|Any CPU.ActiveCfg = Debug|Any CPU
{F78D4099-D482-49F1-95CE-566079D80DDE}.Debug|Any CPU.Build.0 = Debug|Any CPU
{F78D4099-D482-49F1-95CE-566079D80DDE}.Release|Any CPU.ActiveCfg = Release|Any CPU
{F78D4099-D482-49F1-95CE-566079D80DDE}.Release|Any CPU.Build.0 = Release|Any CPU
EndGlobalSection
GlobalSection(SolutionProperties) = preSolution
HideSolutionNode = FALSE
EndGlobalSection
EndGlobal
